// !$*UTF8*$!
{
	archiveVersion = 1;
	classes = {
	};
	objectVersion = 50;
	objects = {

/* Begin PBXBuildFile section */
		04A7CBA426DF46460064CF92 /* AppDelegate.swift in Sources */ = {isa = PBXBuildFile; fileRef = 04A7CBA326DF46460064CF92 /* AppDelegate.swift */; };
		04A7CBA626DF46460064CF92 /* SceneDelegate.swift in Sources */ = {isa = PBXBuildFile; fileRef = 04A7CBA526DF46460064CF92 /* SceneDelegate.swift */; };
		04A7CBA826DF46470064CF92 /* ViewController.swift in Sources */ = {isa = PBXBuildFile; fileRef = 04A7CBA726DF46470064CF92 /* ViewController.swift */; };
		04A7CBAB26DF46470064CF92 /* Main.storyboard in Resources */ = {isa = PBXBuildFile; fileRef = 04A7CBA926DF46470064CF92 /* Main.storyboard */; };
		04A7CBAD26DF46470064CF92 /* Assets.xcassets in Resources */ = {isa = PBXBuildFile; fileRef = 04A7CBAC26DF46470064CF92 /* Assets.xcassets */; };
		04A7CBB026DF46470064CF92 /* LaunchScreen.storyboard in Resources */ = {isa = PBXBuildFile; fileRef = 04A7CBAE26DF46470064CF92 /* LaunchScreen.storyboard */; };
		04A7CBB926DF46EA0064CF92 /* CustomTableViewCell.swift in Sources */ = {isa = PBXBuildFile; fileRef = 04A7CBB826DF46EA0064CF92 /* CustomTableViewCell.swift */; };
/* End PBXBuildFile section */

/* Begin PBXFileReference section */
		04A7CBA026DF46460064CF92 /* TableViewCellWithImage.app */ = {isa = PBXFileReference; explicitFileType = wrapper.application; includeInIndex = 0; path = TableViewCellWithImage.app; sourceTree = BUILT_PRODUCTS_DIR; };
		04A7CBA326DF46460064CF92 /* AppDelegate.swift */ = {isa = PBXFileReference; lastKnownFileType = sourcecode.swift; path = AppDelegate.swift; sourceTree = "<group>"; };
		04A7CBA526DF46460064CF92 /* SceneDelegate.swift */ = {isa = PBXFileReference; lastKnownFileType = sourcecode.swift; path = SceneDelegate.swift; sourceTree = "<group>"; };
		04A7CBA726DF46470064CF92 /* ViewController.swift */ = {isa = PBXFileReference; lastKnownFileType = sourcecode.swift; path = ViewController.swift; sourceTree = "<group>"; };
		04A7CBAA26DF46470064CF92 /* Base */ = {isa = PBXFileReference; lastKnownFileType = file.storyboard; name = Base; path = Base.lproj/Main.storyboard; sourceTree = "<group>"; };
		04A7CBAC26DF46470064CF92 /* Assets.xcassets */ = {isa = PBXFileReference; lastKnownFileType = folder.assetcatalog; path = Assets.xcassets; sourceTree = "<group>"; };
		04A7CBAF26DF46470064CF92 /* Base */ = {isa = PBXFileReference; lastKnownFileType = file.storyboard; name = Base; path = Base.lproj/LaunchScreen.storyboard; sourceTree = "<group>"; };
		04A7CBB126DF46470064CF92 /* Info.plist */ = {isa = PBXFileReference; lastKnownFileType = text.plist.xml; path = Info.plist; sourceTree = "<group>"; };
		04A7CBB826DF46EA0064CF92 /* CustomTableViewCell.swift */ = {isa = PBXFileReference; lastKnownFileType = sourcecode.swift; path = CustomTableViewCell.swift; sourceTree = "<group>"; };
/* End PBXFileReference section */

/* Begin PBXFrameworksBuildPhase section */
		04A7CB9D26DF46460064CF92 /* Frameworks */ = {
			isa = PBXFrameworksBuildPhase;
			buildActionMask = 2147483647;
			files = (
			);
			runOnlyForDeploymentPostprocessing = 0;
		};
/* End PBXFrameworksBuildPhase section */

/* Begin PBXGroup section */
		0436C18D272BB6F600E3A43F /* View Controllers */ = {
			isa = PBXGroup;
			children = (
				04A7CBA726DF46470064CF92 /* ViewController.swift */,
			);
			path = "View Controllers";
			sourceTree = "<group>";
		};
		0436C18F272BB70400E3A43F /* Resources */ = {
			isa = PBXGroup;
			children = (
				04A7CBA926DF46470064CF92 /* Main.storyboard */,
				04A7CBAC26DF46470064CF92 /* Assets.xcassets */,
				04A7CBAE26DF46470064CF92 /* LaunchScreen.storyboard */,
			);
			path = Resources;
			sourceTree = "<group>";
		};
		0436C190272BB71800E3A43F /* Cells */ = {
			isa = PBXGroup;
			children = (
				04A7CBB826DF46EA0064CF92 /* CustomTableViewCell.swift */,
			);
			path = Cells;
			sourceTree = "<group>";
		};
		04A7CB9726DF46460064CF92 = {
			isa = PBXGroup;
			children = (
				04A7CBA226DF46460064CF92 /* TableViewCellWithImage */,
				04A7CBA126DF46460064CF92 /* Products */,
			);
			sourceTree = "<group>";
		};
		04A7CBA126DF46460064CF92 /* Products */ = {
			isa = PBXGroup;
			children = (
				04A7CBA026DF46460064CF92 /* TableViewCellWithImage.app */,
			);
			name = Products;
			sourceTree = "<group>";
		};
		04A7CBA226DF46460064CF92 /* TableViewCellWithImage */ = {
			isa = PBXGroup;
			children = (
				04A7CBA326DF46460064CF92 /* AppDelegate.swift */,
				04A7CBA526DF46460064CF92 /* SceneDelegate.swift */,
				0436C190272BB71800E3A43F /* Cells */,
				0436C18F272BB70400E3A43F /* Resources */,
				0436C18D272BB6F600E3A43F /* View Controllers */,
				04A7CBB126DF46470064CF92 /* Info.plist */,
			);
			path = TableViewCellWithImage;
			sourceTree = "<group>";
		};
/* End PBXGroup section */

/* Begin PBXNativeTarget section */
		04A7CB9F26DF46460064CF92 /* TableViewCellWithImage */ = {
			isa = PBXNativeTarget;
			buildConfigurationList = 04A7CBB426DF46470064CF92 /* Build configuration list for PBXNativeTarget "TableViewCellWithImage" */;
			buildPhases = (
				04A7CB9C26DF46460064CF92 /* Sources */,
				04A7CB9D26DF46460064CF92 /* Frameworks */,
				04A7CB9E26DF46460064CF92 /* Resources */,
			);
			buildRules = (
			);
			dependencies = (
			);
			name = TableViewCellWithImage;
			productName = TableViewCellWithImage;
			productReference = 04A7CBA026DF46460064CF92 /* TableViewCellWithImage.app */;
			productType = "com.apple.product-type.application";
		};
/* End PBXNativeTarget section */

/* Begin PBXProject section */
		04A7CB9826DF46460064CF92 /* Project object */ = {
			isa = PBXProject;
			attributes = {
				LastSwiftUpdateCheck = 1240;
				LastUpgradeCheck = 1240;
				TargetAttributes = {
					04A7CB9F26DF46460064CF92 = {
						CreatedOnToolsVersion = 12.4;
					};
				};
			};
			buildConfigurationList = 04A7CB9B26DF46460064CF92 /* Build configuration list for PBXProject "TableViewCellWithImage" */;
			compatibilityVersion = "Xcode 9.3";
			developmentRegion = en;
			hasScannedForEncodings = 0;
			knownRegions = (
				en,
				Base,
			);
			mainGroup = 04A7CB9726DF46460064CF92;
			productRefGroup = 04A7CBA126DF46460064CF92 /* Products */;
			projectDirPath = "";
			projectRoot = "";
			targets = (
				04A7CB9F26DF46460064CF92 /* TableViewCellWithImage */,
			);
		};
/* End PBXProject section */

/* Begin PBXResourcesBuildPhase section */
		04A7CB9E26DF46460064CF92 /* Resources */ = {
			isa = PBXResourcesBuildPhase;
			buildActionMask = 2147483647;
			files = (
				04A7CBB026DF46470064CF92 /* LaunchScreen.storyboard in Resources */,
				04A7CBAD26DF46470064CF92 /* Assets.xcassets in Resources */,
				04A7CBAB26DF46470064CF92 /* Main.storyboard in Resources */,
			);
			runOnlyForDeploymentPostprocessing = 0;
		};
/* End PBXResourcesBuildPhase section */

/* Begin PBXSourcesBuildPhase section */
		04A7CB9C26DF46460064CF92 /* Sources */ = {
			isa = PBXSourcesBuildPhase;
			buildActionMask = 2147483647;
			files = (
				04A7CBA826DF46470064CF92 /* ViewController.swift in Sources */,
				04A7CBA426DF46460064CF92 /* AppDelegate.swift in Sources */,
				04A7CBB926DF46EA0064CF92 /* CustomTableViewCell.swift in Sources */,
				04A7CBA626DF46460064CF92 /* SceneDelegate.swift in Sources */,
			);
			runOnlyForDeploymentPostprocessing = 0;
		};
/* End PBXSourcesBuildPhase section */

/* Begin PBXVariantGroup section */
		04A7CBA926DF46470064CF92 /* Main.storyboard */ = {
			isa = PBXVariantGroup;
			children = (
				04A7CBAA26DF46470064CF92 /* Base */,
			);
			name = Main.storyboard;
			sourceTree = "<group>";
		};
		04A7CBAE26DF46470064CF92 /* LaunchScreen.storyboard */ = {
			isa = PBXVariantGroup;
			children = (
				04A7CBAF26DF46470064CF92 /* Base */,
			);
			name = LaunchScreen.storyboard;
			sourceTree = "<group>";
		};
/* End PBXVariantGroup section */

/* Begin XCBuildConfiguration section */
		04A7CBB226DF46470064CF92 /* Debug */ = {
			isa = XCBuildConfiguration;
			buildSettings = {
				ALWAYS_SEARCH_USER_PATHS = NO;
				CLANG_ANALYZER_NONNULL = YES;
				CLANG_ANALYZER_NUMBER_OBJECT_CONVERSION = YES_AGGRESSIVE;
				CLANG_CXX_LANGUAGE_STANDARD = "gnu++14";
				CLANG_CXX_LIBRARY = "libc++";
				CLANG_ENABLE_MODULES = YES;
				CLANG_ENABLE_OBJC_ARC = YES;
				CLANG_ENABLE_OBJC_WEAK = YES;
				CLANG_WARN_BLOCK_CAPTURE_AUTORELEASING = YES;
				CLANG_WARN_BOOL_CONVERSION = YES;
				CLANG_WARN_COMMA = YES;
				CLANG_WARN_CONSTANT_CONVERSION = YES;
				CLANG_WARN_DEPRECATED_OBJC_IMPLEMENTATIONS = YES;
				CLANG_WARN_DIRECT_OBJC_ISA_USAGE = YES_ERROR;
				CLANG_WARN_DOCUMENTATION_COMMENTS = YES;
				CLANG_WARN_EMPTY_BODY = YES;
				CLANG_WARN_ENUM_CONVERSION = YES;
				CLANG_WARN_INFINITE_RECURSION = YES;
				CLANG_WARN_INT_CONVERSION = YES;
				CLANG_WARN_NON_LITERAL_NULL_CONVERSION = YES;
				CLANG_WARN_OBJC_IMPLICIT_RETAIN_SELF = YES;
				CLANG_WARN_OBJC_LITERAL_CONVERSION = YES;
				CLANG_WARN_OBJC_ROOT_CLASS = YES_ERROR;
				CLANG_WARN_QUOTED_INCLUDE_IN_FRAMEWORK_HEADER = YES;
				CLANG_WARN_RANGE_LOOP_ANALYSIS = YES;
				CLANG_WARN_STRICT_PROTOTYPES = YES;
				CLANG_WARN_SUSPICIOUS_MOVE = YES;
				CLANG_WARN_UNGUARDED_AVAILABILITY = YES_AGGRESSIVE;
				CLANG_WARN_UNREACHABLE_CODE = YES;
				CLANG_WARN__DUPLICATE_METHOD_MATCH = YES;
				COPY_PHASE_STRIP = NO;
				DEBUG_INFORMATION_FORMAT = dwarf;
				ENABLE_STRICT_OBJC_MSGSEND = YES;
				ENABLE_TESTABILITY = YES;
				GCC_C_LANGUAGE_STANDARD = gnu11;
				GCC_DYNAMIC_NO_PIC = NO;
				GCC_NO_COMMON_BLOCKS = YES;
				GCC_OPTIMIZATION_LEVEL = 0;
				GCC_PREPROCESSOR_DEFINITIONS = (
					"DEBUG=1",
					"$(inherited)",
				);
				GCC_WARN_64_TO_32_BIT_CONVERSION = YES;
				GCC_WARN_ABOUT_RETURN_TYPE = YES_ERROR;
				GCC_WARN_UNDECLARED_SELECTOR = YES;
				GCC_WARN_UNINITIALIZED_AUTOS = YES_AGGRESSIVE;
				GCC_WARN_UNUSED_FUNCTION = YES;
				GCC_WARN_UNUSED_VARIABLE = YES;
				IPHONEOS_DEPLOYMENT_TARGET = 14.4;
				MTL_ENABLE_DEBUG_INFO = INCLUDE_SOURCE;
				MTL_FAST_MATH = YES;
				ONLY_ACTIVE_ARCH = YES;
				SDKROOT = iphoneos;
				SWIFT_ACTIVE_COMPILATION_CONDITIONS = DEBUG;
				SWIFT_OPTIMIZATION_LEVEL = "-Onone";
			};
			name = Debug;
		};
		04A7CBB326DF46470064CF92 /* Release */ = {
			isa = XCBuildConfiguration;
			buildSettings = {
				ALWAYS_SEARCH_USER_PATHS = NO;
				CLANG_ANALYZER_NONNULL = YES;
				CLANG_ANALYZER_NUMBER_OBJECT_CONVERSION = YES_AGGRESSIVE;
				CLANG_CXX_LANGUAGE_STANDARD = "gnu++14";
				CLANG_CXX_LIBRARY = "libc++";
				CLANG_ENABLE_MODULES = YES;
				CLANG_ENABLE_OBJC_ARC = YES;
				CLANG_ENABLE_OBJC_WEAK = YES;
				CLANG_WARN_BLOCK_CAPTURE_AUTORELEASING = YES;
				CLANG_WARN_BOOL_CONVERSION = YES;
				CLANG_WARN_COMMA = YES;
				CLANG_WARN_CONSTANT_CONVERSION = YES;
				CLANG_WARN_DEPRECATED_OBJC_IMPLEMENTATIONS = YES;
				CLANG_WARN_DIRECT_OBJC_ISA_USAGE = YES_ERROR;
				CLANG_WARN_DOCUMENTATION_COMMENTS = YES;
				CLANG_WARN_EMPTY_BODY = YES;
				CLANG_WARN_ENUM_CONVERSION = YES;
				CLANG_WARN_INFINITE_RECURSION = YES;
				CLANG_WARN_INT_CONVERSION = YES;
				CLANG_WARN_NON_LITERAL_NULL_CONVERSION = YES;
				CLANG_WARN_OBJC_IMPLICIT_RETAIN_SELF = YES;
				CLANG_WARN_OBJC_LITERAL_CONVERSION = YES;
				CLANG_WARN_OBJC_ROOT_CLASS = YES_ERROR;
				CLANG_WARN_QUOTED_INCLUDE_IN_FRAMEWORK_HEADER = YES;
				CLANG_WARN_RANGE_LOOP_ANALYSIS = YES;
				CLANG_WARN_STRICT_PROTOTYPES = YES;
				CLANG_WARN_SUSPICIOUS_MOVE = YES;
				CLANG_WARN_UNGUARDED_AVAILABILITY = YES_AGGRESSIVE;
				CLANG_WARN_UNREACHABLE_CODE = YES;
				CLANG_WARN__DUPLICATE_METHOD_MATCH = YES;
				COPY_PHASE_STRIP = NO;
				DEBUG_INFORMATION_FORMAT = "dwarf-with-dsym";
				ENABLE_NS_ASSERTIONS = NO;
				ENABLE_STRICT_OBJC_MSGSEND = YES;
				GCC_C_LANGUAGE_STANDARD = gnu11;
				GCC_NO_COMMON_BLOCKS = YES;
				GCC_WARN_64_TO_32_BIT_CONVERSION = YES;
				GCC_WARN_ABOUT_RETURN_TYPE = YES_ERROR;
				GCC_WARN_UNDECLARED_SELECTOR = YES;
				GCC_WARN_UNINITIALIZED_AUTOS = YES_AGGRESSIVE;
				GCC_WARN_UNUSED_FUNCTION = YES;
				GCC_WARN_UNUSED_VARIABLE = YES;
				IPHONEOS_DEPLOYMENT_TARGET = 14.4;
				MTL_ENABLE_DEBUG_INFO = NO;
				MTL_FAST_MATH = YES;
				SDKROOT = iphoneos;
				SWIFT_COMPILATION_MODE = wholemodule;
				SWIFT_OPTIMIZATION_LEVEL = "-O";
				VALIDATE_PRODUCT = YES;
			};
			name = Release;
		};
		04A7CBB526DF46470064CF92 /* Debug */ = {
			isa = XCBuildConfiguration;
			buildSettings = {
				ASSETCATALOG_COMPILER_APPICON_NAME = AppIcon;
				ASSETCATALOG_COMPILER_GLOBAL_ACCENT_COLOR_NAME = AccentColor;
				CODE_SIGN_STYLE = Automatic;
				INFOPLIST_FILE = TableViewCellWithImage/Info.plist;
				LD_RUNPATH_SEARCH_PATHS = (
					"$(inherited)",
					"@executable_path/Frameworks",
				);
				PRODUCT_BUNDLE_IDENTIFIER = com.Demo1.TableViewCellWithImage;
				PRODUCT_NAME = "$(TARGET_NAME)";
				SWIFT_VERSION = 5.0;
				TARGETED_DEVICE_FAMILY = "1,2";
			};
			name = Debug;
		};
		04A7CBB626DF46470064CF92 /* Release */ = {
			isa = XCBuildConfiguration;
			buildSettings = {
				ASSETCATALOG_COMPILER_APPICON_NAME = AppIcon;
				ASSETCATALOG_COMPILER_GLOBAL_ACCENT_COLOR_NAME = AccentColor;
				CODE_SIGN_STYLE = Automatic;
				INFOPLIST_FILE = TableViewCellWithImage/Info.plist;
				LD_RUNPATH_SEARCH_PATHS = (
					"$(inherited)",
					"@executable_path/Frameworks",
				);
				PRODUCT_BUNDLE_IDENTIFIER = com.Demo1.TableViewCellWithImage;
				PRODUCT_NAME = "$(TARGET_NAME)";
				SWIFT_VERSION = 5.0;
				TARGETED_DEVICE_FAMILY = "1,2";
			};
			name = Release;
		};
/* End XCBuildConfiguration section */

/* Begin XCConfigurationList section */
		04A7CB9B26DF46460064CF92 /* Build configuration list for PBXProject "TableViewCellWithImage" */ = {
			isa = XCConfigurationList;
			buildConfigurations = (
				04A7CBB226DF46470064CF92 /* Debug */,
				04A7CBB326DF46470064CF92 /* Release */,
			);
			defaultConfigurationIsVisible = 0;
			defaultConfigurationName = Release;
		};
		04A7CBB426DF46470064CF92 /* Build configuration list for PBXNativeTarget "TableViewCellWithImage" */ = {
			isa = XCConfigurationList;
			buildConfigurations = (
				04A7CBB526DF46470064CF92 /* Debug */,
				04A7CBB626DF46470064CF92 /* Release */,
			);
			defaultConfigurationIsVisible = 0;
			defaultConfigurationName = Release;
		};
/* End XCConfigurationList section */
	};
	rootObject = 04A7CB9826DF46460064CF92 /* Project object */;
}
